
Microsoft Visual Studio Solution File, Format Version 12.00
# Visual Studio Version 16
VisualStudioVersion = 16.0.33801.447
MinimumVisualStudioVersion = 10.0.40219.1
Project("{FAE04EC0-301F-11D3-BF4B-00C04F79EFBC}") = "Foodie", "Foodie.csproj", "{BC862C03-9FFB-4344-8910-3CEDA0864AFB}"
EndProject
Global
	GlobalSection(SolutionConfigurationPlatforms) = preSolution
		Debug|Any CPU = Debug|Any CPU
		Release|Any CPU = Release|Any CPU
	EndGlobalSection
	GlobalSection(ProjectConfigurationPlatforms) = postSolution
		{BC862C03-9FFB-4344-8910-3CEDA0864AFB}.Debug|Any CPU.ActiveCfg = Debug|Any CPU
		{BC862C03-9FFB-4344-8910-3CEDA0864AFB}.Debug|Any CPU.Build.0 = Debug|Any CPU
		{BC862C03-9FFB-4344-8910-3CEDA0864AFB}.Release|Any CPU.ActiveCfg = Release|Any CPU
		{BC862C03-9FFB-4344-8910-3CEDA0864AFB}.Release|Any CPU.Build.0 = Release|Any CPU
	EndGlobalSection
	GlobalSection(SolutionProperties) = preSolution
		HideSolutionNode = FALSE
	EndGlobalSection
	GlobalSection(ExtensibilityGlobals) = postSolution
		SolutionGuid = {7051BBF9-2EE9-48DA-86B0-8D1B241F8556}
	EndGlobalSection
EndGlobal
